
Microsoft Visual Studio Solution File, Format Version 12.00
# Visual Studio Version 17
VisualStudioVersion = 17.14.36121.58 d17.14
MinimumVisualStudioVersion = 10.0.40219.1
Project("{FAE04EC0-301F-11D3-BF4B-00C04F79EFBC}") = "BackSib", "BackSib.csproj", "{6BF64FA8-0A8A-4842-88BF-8F8BDB0A01A8}"
EndProject
Global
	GlobalSection(SolutionConfigurationPlatforms) = preSolution
		Debug|Any CPU = Debug|Any CPU
		Release|Any CPU = Release|Any CPU
	EndGlobalSection
	GlobalSection(ProjectConfigurationPlatforms) = postSolution
		{6BF64FA8-0A8A-4842-88BF-8F8BDB0A01A8}.Debug|Any CPU.ActiveCfg = Debug|Any CPU
		{6BF64FA8-0A8A-4842-88BF-8F8BDB0A01A8}.Debug|Any CPU.Build.0 = Debug|Any CPU
		{6BF64FA8-0A8A-4842-88BF-8F8BDB0A01A8}.Release|Any CPU.ActiveCfg = Release|Any CPU
		{6BF64FA8-0A8A-4842-88BF-8F8BDB0A01A8}.Release|Any CPU.Build.0 = Release|Any CPU
	EndGlobalSection
	GlobalSection(SolutionProperties) = preSolution
		HideSolutionNode = FALSE
	EndGlobalSection
	GlobalSection(ExtensibilityGlobals) = postSolution
		SolutionGuid = {7DE12A48-89D5-4DBB-AAD6-0DFF52E0823D}
	EndGlobalSection
EndGlobal
